
Microsoft Visual Studio Solution File, Format Version 12.00
# Visual Studio Version 17
VisualStudioVersion = 17.9.34728.123
MinimumVisualStudioVersion = 10.0.40219.1
Project("{FAE04EC0-301F-11D3-BF4B-00C04F79EFBC}") = "PasswordsManager", "PasswordsManager\PasswordsManager.csproj", "{F41DA2DD-C0D5-47C1-98AF-B7D4299746FE}"
EndProject
Global
	GlobalSection(SolutionConfigurationPlatforms) = preSolution
		Debug|Any CPU = Debug|Any CPU
		Release|Any CPU = Release|Any CPU
	EndGlobalSection
	GlobalSection(ProjectConfigurationPlatforms) = postSolution
		{F41DA2DD-C0D5-47C1-98AF-B7D4299746FE}.Debug|Any CPU.ActiveCfg = Debug|Any CPU
		{F41DA2DD-C0D5-47C1-98AF-B7D4299746FE}.Debug|Any CPU.Build.0 = Debug|Any CPU
		{F41DA2DD-C0D5-47C1-98AF-B7D4299746FE}.Release|Any CPU.ActiveCfg = Release|Any CPU
		{F41DA2DD-C0D5-47C1-98AF-B7D4299746FE}.Release|Any CPU.Build.0 = Release|Any CPU
	EndGlobalSection
	GlobalSection(SolutionProperties) = preSolution
		HideSolutionNode = FALSE
	EndGlobalSection
	GlobalSection(ExtensibilityGlobals) = postSolution
		SolutionGuid = {D123631F-83D1-4F01-A882-91EF7D5DD5AD}
	EndGlobalSection
EndGlobal
